
Microsoft Visual Studio Solution File, Format Version 12.00
# Visual Studio Version 17
VisualStudioVersion = 17.5.33424.131
MinimumVisualStudioVersion = 10.0.40219.1
Project("{FAE04EC0-301F-11D3-BF4B-00C04F79EFBC}") = "ClientAI", "ClientAI\ClientAI.csproj", "{41754E3B-0BFB-4A0B-B10C-731A9009659B}"
EndProject
Global
	GlobalSection(SolutionConfigurationPlatforms) = preSolution
		Debug|Any CPU = Debug|Any CPU
		Release|Any CPU = Release|Any CPU
	EndGlobalSection
	GlobalSection(ProjectConfigurationPlatforms) = postSolution
		{41754E3B-0BFB-4A0B-B10C-731A9009659B}.Debug|Any CPU.ActiveCfg = Debug|Any CPU
		{41754E3B-0BFB-4A0B-B10C-731A9009659B}.Debug|Any CPU.Build.0 = Debug|Any CPU
		{41754E3B-0BFB-4A0B-B10C-731A9009659B}.Release|Any CPU.ActiveCfg = Release|Any CPU
		{41754E3B-0BFB-4A0B-B10C-731A9009659B}.Release|Any CPU.Build.0 = Release|Any CPU
	EndGlobalSection
	GlobalSection(SolutionProperties) = preSolution
		HideSolutionNode = FALSE
	EndGlobalSection
	GlobalSection(ExtensibilityGlobals) = postSolution
		SolutionGuid = {7FFE6F3F-4696-47D4-B008-65EB964B91E4}
	EndGlobalSection
EndGlobal
